
Microsoft Visual Studio Solution File, Format Version 12.00
# Visual Studio Version 17
VisualStudioVersion = 17.8.34316.72
MinimumVisualStudioVersion = 10.0.40219.1
Project("{FAE04EC0-301F-11D3-BF4B-00C04F79EFBC}") = "ProyectoDBGrupo#4", "ProyectoDBGrupo#4\ProyectoDBGrupo#4.csproj", "{3C37612F-56C5-4DDB-89E3-778A2E721594}"
EndProject
Global
	GlobalSection(SolutionConfigurationPlatforms) = preSolution
		Debug|Any CPU = Debug|Any CPU
		Release|Any CPU = Release|Any CPU
	EndGlobalSection
	GlobalSection(ProjectConfigurationPlatforms) = postSolution
		{3C37612F-56C5-4DDB-89E3-778A2E721594}.Debug|Any CPU.ActiveCfg = Debug|Any CPU
		{3C37612F-56C5-4DDB-89E3-778A2E721594}.Debug|Any CPU.Build.0 = Debug|Any CPU
		{3C37612F-56C5-4DDB-89E3-778A2E721594}.Release|Any CPU.ActiveCfg = Release|Any CPU
		{3C37612F-56C5-4DDB-89E3-778A2E721594}.Release|Any CPU.Build.0 = Release|Any CPU
	EndGlobalSection
	GlobalSection(SolutionProperties) = preSolution
		HideSolutionNode = FALSE
	EndGlobalSection
	GlobalSection(ExtensibilityGlobals) = postSolution
		SolutionGuid = {4D012243-3A90-42FC-B536-20B4A790FDE1}
	EndGlobalSection
EndGlobal
